
Microsoft Visual Studio Solution File, Format Version 12.00
# Visual Studio Version 16
VisualStudioVersion = 16.0.30907.101
MinimumVisualStudioVersion = 10.0.40219.1
Project("{9A19103F-16F7-4668-BE54-9A1E7A4F7556}") = "Todo", "Todo.csproj", "{918B04F5-38F6-4D4E-94EF-B7ECFCEF05DC}"
EndProject
Project("{FAE04EC0-301F-11D3-BF4B-00C04F79EFBC}") = "TodoBackendTests", "..\TodoBackendTests\TodoBackendTests.csproj", "{657654F5-2DB6-4D99-90F0-75D2EF8C03CC}"
EndProject
Global
	GlobalSection(SolutionConfigurationPlatforms) = preSolution
		Debug|Any CPU = Debug|Any CPU
		Release|Any CPU = Release|Any CPU
	EndGlobalSection
	GlobalSection(ProjectConfigurationPlatforms) = postSolution
		{918B04F5-38F6-4D4E-94EF-B7ECFCEF05DC}.Debug|Any CPU.ActiveCfg = Debug|Any CPU
		{918B04F5-38F6-4D4E-94EF-B7ECFCEF05DC}.Debug|Any CPU.Build.0 = Debug|Any CPU
		{918B04F5-38F6-4D4E-94EF-B7ECFCEF05DC}.Release|Any CPU.ActiveCfg = Release|Any CPU
		{918B04F5-38F6-4D4E-94EF-B7ECFCEF05DC}.Release|Any CPU.Build.0 = Release|Any CPU
		{657654F5-2DB6-4D99-90F0-75D2EF8C03CC}.Debug|Any CPU.ActiveCfg = Debug|Any CPU
		{657654F5-2DB6-4D99-90F0-75D2EF8C03CC}.Debug|Any CPU.Build.0 = Debug|Any CPU
		{657654F5-2DB6-4D99-90F0-75D2EF8C03CC}.Release|Any CPU.ActiveCfg = Release|Any CPU
		{657654F5-2DB6-4D99-90F0-75D2EF8C03CC}.Release|Any CPU.Build.0 = Release|Any CPU
	EndGlobalSection
	GlobalSection(SolutionProperties) = preSolution
		HideSolutionNode = FALSE
	EndGlobalSection
	GlobalSection(ExtensibilityGlobals) = postSolution
		SolutionGuid = {377CF919-B0ED-465D-8D19-A64872605037}
	EndGlobalSection
EndGlobal
